{
  "requires": true,
  "lockfileVersion": 1,
  "dependencies": {
    "mgulbicki-palindrome": {
      "version": "1.0.0",
      "resolved": "https://registry.npmjs.org/mgulbicki-palindrome/-/mgulbicki-palindrome-1.0.0.tgz",
      "integrity": "sha512-f7PdAcPlEozsc0Sxg6EC7MkbT0M7iklip0YdkUXpeTulr8ZiJXvCmdwVjyDuM6/637K45r5vwqn0Esp59/sc0A=="
    }
  }
}
